
Microsoft Visual Studio Solution File, Format Version 12.00
# Visual Studio Version 17
VisualStudioVersion = 17.11.35303.130
MinimumVisualStudioVersion = 10.0.40219.1
Project("{FAE04EC0-301F-11D3-BF4B-00C04F79EFBC}") = "FuelManagement", "FuelManagements\FuelManagement.csproj", "{625DD084-9CAB-4A2D-BD25-216DA7217F7B}"
EndProject
Project("{9A19103F-16F7-4668-BE54-9A1E7A4F7556}") = "ConsoleLoader", "Lab3\ConsoleLoader.csproj", "{12F09E15-F013-492D-B348-C5EBA59E66DB}"
	ProjectSection(ProjectDependencies) = postProject
		{625DD084-9CAB-4A2D-BD25-216DA7217F7B} = {625DD084-9CAB-4A2D-BD25-216DA7217F7B}
	EndProjectSection
EndProject
Global
	GlobalSection(SolutionConfigurationPlatforms) = preSolution
		Debug|Any CPU = Debug|Any CPU
		Release|Any CPU = Release|Any CPU
	EndGlobalSection
	GlobalSection(ProjectConfigurationPlatforms) = postSolution
		{625DD084-9CAB-4A2D-BD25-216DA7217F7B}.Debug|Any CPU.ActiveCfg = Debug|Any CPU
		{625DD084-9CAB-4A2D-BD25-216DA7217F7B}.Debug|Any CPU.Build.0 = Debug|Any CPU
		{625DD084-9CAB-4A2D-BD25-216DA7217F7B}.Release|Any CPU.ActiveCfg = Release|Any CPU
		{625DD084-9CAB-4A2D-BD25-216DA7217F7B}.Release|Any CPU.Build.0 = Release|Any CPU
		{12F09E15-F013-492D-B348-C5EBA59E66DB}.Debug|Any CPU.ActiveCfg = Debug|Any CPU
		{12F09E15-F013-492D-B348-C5EBA59E66DB}.Debug|Any CPU.Build.0 = Debug|Any CPU
		{12F09E15-F013-492D-B348-C5EBA59E66DB}.Release|Any CPU.ActiveCfg = Release|Any CPU
		{12F09E15-F013-492D-B348-C5EBA59E66DB}.Release|Any CPU.Build.0 = Release|Any CPU
	EndGlobalSection
	GlobalSection(SolutionProperties) = preSolution
		HideSolutionNode = FALSE
	EndGlobalSection
	GlobalSection(ExtensibilityGlobals) = postSolution
		SolutionGuid = {C4075F68-1A3D-4B64-A40C-FD5BAF03A4B6}
	EndGlobalSection
EndGlobal
